
Microsoft Visual Studio Solution File, Format Version 12.00
# Visual Studio Version 17
VisualStudioVersion = 17.3.32811.315
MinimumVisualStudioVersion = 10.0.40219.1
Project("{FAE04EC0-301F-11D3-BF4B-00C04F79EFBC}") = "the new gajes", "the new gajes\the new gajes.csproj", "{39AD0313-2209-46E5-904E-D3F982D21A35}"
EndProject
Global
	GlobalSection(SolutionConfigurationPlatforms) = preSolution
		Debug|Any CPU = Debug|Any CPU
		Release|Any CPU = Release|Any CPU
	EndGlobalSection
	GlobalSection(ProjectConfigurationPlatforms) = postSolution
		{39AD0313-2209-46E5-904E-D3F982D21A35}.Debug|Any CPU.ActiveCfg = Debug|Any CPU
		{39AD0313-2209-46E5-904E-D3F982D21A35}.Debug|Any CPU.Build.0 = Debug|Any CPU
		{39AD0313-2209-46E5-904E-D3F982D21A35}.Release|Any CPU.ActiveCfg = Release|Any CPU
		{39AD0313-2209-46E5-904E-D3F982D21A35}.Release|Any CPU.Build.0 = Release|Any CPU
	EndGlobalSection
	GlobalSection(SolutionProperties) = preSolution
		HideSolutionNode = FALSE
	EndGlobalSection
	GlobalSection(ExtensibilityGlobals) = postSolution
		SolutionGuid = {1FBC63EA-ADE0-45DA-BB2F-3260056B5C38}
	EndGlobalSection
EndGlobal
